
Microsoft Visual Studio Solution File, Format Version 12.00
# Visual Studio 14
VisualStudioVersion = 14.0.25123.0
MinimumVisualStudioVersion = 10.0.40219.1
Project("{2150E333-8FDC-42A3-9474-1A3956D46DE8}") = "src", "src", "{AFC6D5D5-FF79-47E3-9A70-6BCA04A4158E}"
EndProject
Project("{2150E333-8FDC-42A3-9474-1A3956D46DE8}") = "Solution Items", "Solution Items", "{D18DEC9C-4800-42E8-A992-2987E9024109}"
	ProjectSection(SolutionItems) = preProject
		apidoc.json = apidoc.json
		global.json = global.json
	EndProjectSection
EndProject
Project("{8BB2217D-0F2D-49D1-97BC-3654ED321F3B}") = "Td.Kylin.Push.WebApi", "src\Td.Kylin.Push.WebApi\Td.Kylin.Push.WebApi.xproj", "{67B702AC-8B89-4C32-9CA9-BE9B442221FF}"
EndProject
Project("{8BB2217D-0F2D-49D1-97BC-3654ED321F3B}") = "JPush.Api", "src\JPush.Api\JPush.Api.xproj", "{31F832FC-7D06-48D1-821A-F064CF6BC28A}"
EndProject
Global
	GlobalSection(SolutionConfigurationPlatforms) = preSolution
		Debug|Any CPU = Debug|Any CPU
		Release|Any CPU = Release|Any CPU
	EndGlobalSection
	GlobalSection(ProjectConfigurationPlatforms) = postSolution
		{67B702AC-8B89-4C32-9CA9-BE9B442221FF}.Debug|Any CPU.ActiveCfg = Debug|Any CPU
		{67B702AC-8B89-4C32-9CA9-BE9B442221FF}.Debug|Any CPU.Build.0 = Debug|Any CPU
		{67B702AC-8B89-4C32-9CA9-BE9B442221FF}.Release|Any CPU.ActiveCfg = Release|Any CPU
		{67B702AC-8B89-4C32-9CA9-BE9B442221FF}.Release|Any CPU.Build.0 = Release|Any CPU
		{31F832FC-7D06-48D1-821A-F064CF6BC28A}.Debug|Any CPU.ActiveCfg = Debug|Any CPU
		{31F832FC-7D06-48D1-821A-F064CF6BC28A}.Debug|Any CPU.Build.0 = Debug|Any CPU
		{31F832FC-7D06-48D1-821A-F064CF6BC28A}.Release|Any CPU.ActiveCfg = Release|Any CPU
		{31F832FC-7D06-48D1-821A-F064CF6BC28A}.Release|Any CPU.Build.0 = Release|Any CPU
	EndGlobalSection
	GlobalSection(SolutionProperties) = preSolution
		HideSolutionNode = FALSE
	EndGlobalSection
	GlobalSection(NestedProjects) = preSolution
		{67B702AC-8B89-4C32-9CA9-BE9B442221FF} = {AFC6D5D5-FF79-47E3-9A70-6BCA04A4158E}
		{31F832FC-7D06-48D1-821A-F064CF6BC28A} = {AFC6D5D5-FF79-47E3-9A70-6BCA04A4158E}
	EndGlobalSection
EndGlobal
